
Microsoft Visual Studio Solution File, Format Version 11.00
# Visual Studio 2010
Project("{FAE04EC0-301F-11D3-BF4B-00C04F79EFBC}") = "IPSwitcher", "IPSwitcher\IPSwitcher.csproj", "{359D3610-0A93-44D3-BF3A-6AD99C1E01E4}"
EndProject
Project("{2150E333-8FDC-42A3-9474-1A3956D46DE8}") = "Dependencies", "Dependencies", "{6FC8D31C-0A13-4BD2-A5AF-4DD5DF5BEAFE}"
EndProject
Project("{FAE04EC0-301F-11D3-BF4B-00C04F79EFBC}") = "ACSR.Core", "..\..\..\..\Libraries\AndresCSharpResource\ACSR.Core\ACSR.Core.csproj", "{F6A01D1C-F55C-4B08-B97D-C0FC45373BF9}"
EndProject
Project("{FAE04EC0-301F-11D3-BF4B-00C04F79EFBC}") = "ACSR.PythonScripting", "..\..\..\..\Libraries\AndresCSharpResource\ACSR.PythonScripting\ACSR.PythonScripting.csproj", "{C904EF99-1D64-4036-A23E-4D965183E6E7}"
EndProject
Project("{FAE04EC0-301F-11D3-BF4B-00C04F79EFBC}") = "ACSR.Controls.ThirdParty", "..\..\..\..\Libraries\AndresCSharpResource\ACSR.Controls.ThirdParty\ACSR.Controls.ThirdParty.csproj", "{A30746B0-6F73-44F5-8787-A2FBCA2242FE}"
EndProject
Global
	GlobalSection(SolutionConfigurationPlatforms) = preSolution
		Debug|Any CPU = Debug|Any CPU
		Debug|Mixed Platforms = Debug|Mixed Platforms
		Debug|x86 = Debug|x86
		Release|Any CPU = Release|Any CPU
		Release|Mixed Platforms = Release|Mixed Platforms
		Release|x86 = Release|x86
	EndGlobalSection
	GlobalSection(ProjectConfigurationPlatforms) = postSolution
		{359D3610-0A93-44D3-BF3A-6AD99C1E01E4}.Debug|Any CPU.ActiveCfg = Debug|x86
		{359D3610-0A93-44D3-BF3A-6AD99C1E01E4}.Debug|Mixed Platforms.ActiveCfg = Debug|x86
		{359D3610-0A93-44D3-BF3A-6AD99C1E01E4}.Debug|Mixed Platforms.Build.0 = Debug|x86
		{359D3610-0A93-44D3-BF3A-6AD99C1E01E4}.Debug|x86.ActiveCfg = Debug|x86
		{359D3610-0A93-44D3-BF3A-6AD99C1E01E4}.Debug|x86.Build.0 = Debug|x86
		{359D3610-0A93-44D3-BF3A-6AD99C1E01E4}.Release|Any CPU.ActiveCfg = Release|x86
		{359D3610-0A93-44D3-BF3A-6AD99C1E01E4}.Release|Mixed Platforms.ActiveCfg = Release|x86
		{359D3610-0A93-44D3-BF3A-6AD99C1E01E4}.Release|Mixed Platforms.Build.0 = Release|x86
		{359D3610-0A93-44D3-BF3A-6AD99C1E01E4}.Release|x86.ActiveCfg = Release|x86
		{359D3610-0A93-44D3-BF3A-6AD99C1E01E4}.Release|x86.Build.0 = Release|x86
		{F6A01D1C-F55C-4B08-B97D-C0FC45373BF9}.Debug|Any CPU.ActiveCfg = Debug|Any CPU
		{F6A01D1C-F55C-4B08-B97D-C0FC45373BF9}.Debug|Any CPU.Build.0 = Debug|Any CPU
		{F6A01D1C-F55C-4B08-B97D-C0FC45373BF9}.Debug|Mixed Platforms.ActiveCfg = Debug|Any CPU
		{F6A01D1C-F55C-4B08-B97D-C0FC45373BF9}.Debug|Mixed Platforms.Build.0 = Debug|Any CPU
		{F6A01D1C-F55C-4B08-B97D-C0FC45373BF9}.Debug|x86.ActiveCfg = Debug|Any CPU
		{F6A01D1C-F55C-4B08-B97D-C0FC45373BF9}.Release|Any CPU.ActiveCfg = Release|Any CPU
		{F6A01D1C-F55C-4B08-B97D-C0FC45373BF9}.Release|Any CPU.Build.0 = Release|Any CPU
		{F6A01D1C-F55C-4B08-B97D-C0FC45373BF9}.Release|Mixed Platforms.ActiveCfg = Release|Any CPU
		{F6A01D1C-F55C-4B08-B97D-C0FC45373BF9}.Release|Mixed Platforms.Build.0 = Release|Any CPU
		{F6A01D1C-F55C-4B08-B97D-C0FC45373BF9}.Release|x86.ActiveCfg = Release|Any CPU
		{C904EF99-1D64-4036-A23E-4D965183E6E7}.Debug|Any CPU.ActiveCfg = Debug|Any CPU
		{C904EF99-1D64-4036-A23E-4D965183E6E7}.Debug|Any CPU.Build.0 = Debug|Any CPU
		{C904EF99-1D64-4036-A23E-4D965183E6E7}.Debug|Mixed Platforms.ActiveCfg = Debug|Any CPU
		{C904EF99-1D64-4036-A23E-4D965183E6E7}.Debug|Mixed Platforms.Build.0 = Debug|Any CPU
		{C904EF99-1D64-4036-A23E-4D965183E6E7}.Debug|x86.ActiveCfg = Debug|Any CPU
		{C904EF99-1D64-4036-A23E-4D965183E6E7}.Release|Any CPU.ActiveCfg = Release|Any CPU
		{C904EF99-1D64-4036-A23E-4D965183E6E7}.Release|Any CPU.Build.0 = Release|Any CPU
		{C904EF99-1D64-4036-A23E-4D965183E6E7}.Release|Mixed Platforms.ActiveCfg = Release|Any CPU
		{C904EF99-1D64-4036-A23E-4D965183E6E7}.Release|Mixed Platforms.Build.0 = Release|Any CPU
		{C904EF99-1D64-4036-A23E-4D965183E6E7}.Release|x86.ActiveCfg = Release|Any CPU
		{A30746B0-6F73-44F5-8787-A2FBCA2242FE}.Debug|Any CPU.ActiveCfg = Debug|Any CPU
		{A30746B0-6F73-44F5-8787-A2FBCA2242FE}.Debug|Any CPU.Build.0 = Debug|Any CPU
		{A30746B0-6F73-44F5-8787-A2FBCA2242FE}.Debug|Mixed Platforms.ActiveCfg = Debug|Any CPU
		{A30746B0-6F73-44F5-8787-A2FBCA2242FE}.Debug|Mixed Platforms.Build.0 = Debug|Any CPU
		{A30746B0-6F73-44F5-8787-A2FBCA2242FE}.Debug|x86.ActiveCfg = Debug|Any CPU
		{A30746B0-6F73-44F5-8787-A2FBCA2242FE}.Release|Any CPU.ActiveCfg = Release|Any CPU
		{A30746B0-6F73-44F5-8787-A2FBCA2242FE}.Release|Any CPU.Build.0 = Release|Any CPU
		{A30746B0-6F73-44F5-8787-A2FBCA2242FE}.Release|Mixed Platforms.ActiveCfg = Release|Any CPU
		{A30746B0-6F73-44F5-8787-A2FBCA2242FE}.Release|Mixed Platforms.Build.0 = Release|Any CPU
		{A30746B0-6F73-44F5-8787-A2FBCA2242FE}.Release|x86.ActiveCfg = Release|Any CPU
	EndGlobalSection
	GlobalSection(SolutionProperties) = preSolution
		HideSolutionNode = FALSE
	EndGlobalSection
	GlobalSection(NestedProjects) = preSolution
		{F6A01D1C-F55C-4B08-B97D-C0FC45373BF9} = {6FC8D31C-0A13-4BD2-A5AF-4DD5DF5BEAFE}
		{C904EF99-1D64-4036-A23E-4D965183E6E7} = {6FC8D31C-0A13-4BD2-A5AF-4DD5DF5BEAFE}
		{A30746B0-6F73-44F5-8787-A2FBCA2242FE} = {6FC8D31C-0A13-4BD2-A5AF-4DD5DF5BEAFE}
	EndGlobalSection
EndGlobal
